
Microsoft Visual Studio Solution File, Format Version 12.00
# Visual Studio Version 17
VisualStudioVersion = 17.9.34622.214
MinimumVisualStudioVersion = 10.0.40219.1
Project("{FAE04EC0-301F-11D3-BF4B-00C04F79EFBC}") = "idojaras_arpas", "idojaras_arpas\idojaras_arpas.csproj", "{F63284FB-5EAE-49DE-B372-20837E4D40FB}"
EndProject
Global
	GlobalSection(SolutionConfigurationPlatforms) = preSolution
		Debug|Any CPU = Debug|Any CPU
		Release|Any CPU = Release|Any CPU
	EndGlobalSection
	GlobalSection(ProjectConfigurationPlatforms) = postSolution
		{F63284FB-5EAE-49DE-B372-20837E4D40FB}.Debug|Any CPU.ActiveCfg = Debug|Any CPU
		{F63284FB-5EAE-49DE-B372-20837E4D40FB}.Debug|Any CPU.Build.0 = Debug|Any CPU
		{F63284FB-5EAE-49DE-B372-20837E4D40FB}.Release|Any CPU.ActiveCfg = Release|Any CPU
		{F63284FB-5EAE-49DE-B372-20837E4D40FB}.Release|Any CPU.Build.0 = Release|Any CPU
	EndGlobalSection
	GlobalSection(SolutionProperties) = preSolution
		HideSolutionNode = FALSE
	EndGlobalSection
	GlobalSection(ExtensibilityGlobals) = postSolution
		SolutionGuid = {DB9F15A9-E8A2-4ED8-9729-7E07423E7E71}
	EndGlobalSection
EndGlobal
